// !$*UTF8*$!
{
	archiveVersion = 1;
	classes = {
	};
	objectVersion = 50;
	objects = {

/* Begin PBXBuildFile section */
		16CF4440327404A8E932F4DB /* Pods_Teacher_AR_TextBook.framework in Frameworks */ = {isa = PBXBuildFile; fileRef = 534B9C5BAEEBC61FECC439B5 /* Pods_Teacher_AR_TextBook.framework */; };
		7997A16823236CB70017F812 /* 671712.jpg in Resources */ = {isa = PBXBuildFile; fileRef = 7997A16723236CB70017F812 /* 671712.jpg */; };
		7997A16A23236D3E0017F812 /* CSBook.jpg in Resources */ = {isa = PBXBuildFile; fileRef = 7997A16923236D3E0017F812 /* CSBook.jpg */; };
		7997A16C23236D900017F812 /* math.jpg in Resources */ = {isa = PBXBuildFile; fileRef = 7997A16B23236D900017F812 /* math.jpg */; };
		7997A16E23236E870017F812 /* histoy.jpg in Resources */ = {isa = PBXBuildFile; fileRef = 7997A16D23236E860017F812 /* histoy.jpg */; };
		7997A17223237D7A0017F812 /* GoogleService-Info.plist in Resources */ = {isa = PBXBuildFile; fileRef = 7997A17123237D7A0017F812 /* GoogleService-Info.plist */; };
		7997A1752323855A0017F812 /* BookStoreViewController.swift in Sources */ = {isa = PBXBuildFile; fileRef = 7997A1742323855A0017F812 /* BookStoreViewController.swift */; };
		7997A17923238B2C0017F812 /* BookViewController.swift in Sources */ = {isa = PBXBuildFile; fileRef = 7997A17823238B2C0017F812 /* BookViewController.swift */; };
		7997A17E23238C5F0017F812 /* CS.jpg in Resources */ = {isa = PBXBuildFile; fileRef = 7997A17A23238C5F0017F812 /* CS.jpg */; };
		7997A18023238C5F0017F812 /* US.jpg in Resources */ = {isa = PBXBuildFile; fileRef = 7997A17C23238C5F0017F812 /* US.jpg */; };
		7997A18123238C5F0017F812 /* Env.jpg in Resources */ = {isa = PBXBuildFile; fileRef = 7997A17D23238C5F0017F812 /* Env.jpg */; };
		7997A185232390350017F812 /* TextBook.swift in Sources */ = {isa = PBXBuildFile; fileRef = 7997A184232390350017F812 /* TextBook.swift */; };
		7997A187232390520017F812 /* TextBookTableViewCell.swift in Sources */ = {isa = PBXBuildFile; fileRef = 7997A186232390510017F812 /* TextBookTableViewCell.swift */; };
		7997A189232390B50017F812 /* CartTableViewController.swift in Sources */ = {isa = PBXBuildFile; fileRef = 7997A188232390B50017F812 /* CartTableViewController.swift */; };
		79B38445232369D00084FD77 /* AppDelegate.swift in Sources */ = {isa = PBXBuildFile; fileRef = 79B38444232369D00084FD77 /* AppDelegate.swift */; };
		79B38447232369D00084FD77 /* ViewController.swift in Sources */ = {isa = PBXBuildFile; fileRef = 79B38446232369D00084FD77 /* ViewController.swift */; };
		79B3844A232369D00084FD77 /* Main.storyboard in Resources */ = {isa = PBXBuildFile; fileRef = 79B38448232369D00084FD77 /* Main.storyboard */; };
		79B3844C232369D30084FD77 /* Assets.xcassets in Resources */ = {isa = PBXBuildFile; fileRef = 79B3844B232369D30084FD77 /* Assets.xcassets */; };
		79B3844F232369D30084FD77 /* LaunchScreen.storyboard in Resources */ = {isa = PBXBuildFile; fileRef = 79B3844D232369D30084FD77 /* LaunchScreen.storyboard */; };
/* End PBXBuildFile section */

/* Begin PBXFileReference section */
		0925332D1147F075615A76C6 /* Pods-Teacher_AR_TextBook.debug.xcconfig */ = {isa = PBXFileReference; includeInIndex = 1; lastKnownFileType = text.xcconfig; name = "Pods-Teacher_AR_TextBook.debug.xcconfig"; path = "Target Support Files/Pods-Teacher_AR_TextBook/Pods-Teacher_AR_TextBook.debug.xcconfig"; sourceTree = "<group>"; };
		372DC731F9960C92FA568156 /* Pods-Teacher_AR_TextBook.release.xcconfig */ = {isa = PBXFileReference; includeInIndex = 1; lastKnownFileType = text.xcconfig; name = "Pods-Teacher_AR_TextBook.release.xcconfig"; path = "Target Support Files/Pods-Teacher_AR_TextBook/Pods-Teacher_AR_TextBook.release.xcconfig"; sourceTree = "<group>"; };
		534B9C5BAEEBC61FECC439B5 /* Pods_Teacher_AR_TextBook.framework */ = {isa = PBXFileReference; explicitFileType = wrapper.framework; includeInIndex = 0; path = Pods_Teacher_AR_TextBook.framework; sourceTree = BUILT_PRODUCTS_DIR; };
		7997A16723236CB70017F812 /* 671712.jpg */ = {isa = PBXFileReference; lastKnownFileType = image.jpeg; name = 671712.jpg; path = Assets.xcassets/671712.jpg; sourceTree = "<group>"; };
		7997A16923236D3E0017F812 /* CSBook.jpg */ = {isa = PBXFileReference; lastKnownFileType = image.jpeg; name = CSBook.jpg; path = Assets.xcassets/CSBook.jpg; sourceTree = "<group>"; };
		7997A16B23236D900017F812 /* math.jpg */ = {isa = PBXFileReference; lastKnownFileType = image.jpeg; name = math.jpg; path = Assets.xcassets/math.jpg; sourceTree = "<group>"; };
		7997A16D23236E860017F812 /* histoy.jpg */ = {isa = PBXFileReference; lastKnownFileType = image.jpeg; name = histoy.jpg; path = Assets.xcassets/histoy.jpg; sourceTree = "<group>"; };
		7997A17123237D7A0017F812 /* GoogleService-Info.plist */ = {isa = PBXFileReference; fileEncoding = 4; lastKnownFileType = text.plist.xml; path = "GoogleService-Info.plist"; sourceTree = SOURCE_ROOT; };
		7997A1742323855A0017F812 /* BookStoreViewController.swift */ = {isa = PBXFileReference; lastKnownFileType = sourcecode.swift; path = BookStoreViewController.swift; sourceTree = "<group>"; };
		7997A17823238B2C0017F812 /* BookViewController.swift */ = {isa = PBXFileReference; lastKnownFileType = sourcecode.swift; path = BookViewController.swift; sourceTree = "<group>"; };
		7997A17A23238C5F0017F812 /* CS.jpg */ = {isa = PBXFileReference; lastKnownFileType = image.jpeg; name = CS.jpg; path = "Assets.xcassets/Adjusted Image/CS.jpg"; sourceTree = "<group>"; };
		7997A17C23238C5F0017F812 /* US.jpg */ = {isa = PBXFileReference; lastKnownFileType = image.jpeg; name = US.jpg; path = "Assets.xcassets/Adjusted Image/US.jpg"; sourceTree = "<group>"; };
		7997A17D23238C5F0017F812 /* Env.jpg */ = {isa = PBXFileReference; lastKnownFileType = image.jpeg; name = Env.jpg; path = "Assets.xcassets/Adjusted Image/Env.jpg"; sourceTree = "<group>"; };
		7997A184232390350017F812 /* TextBook.swift */ = {isa = PBXFileReference; lastKnownFileType = sourcecode.swift; name = TextBook.swift; path = /Users/jamesluo/Documents/arTextBook/Teacher_AR_TextBook/Teacher_AR_TextBook/TextBook.swift; sourceTree = "<absolute>"; };
		7997A186232390510017F812 /* TextBookTableViewCell.swift */ = {isa = PBXFileReference; lastKnownFileType = sourcecode.swift; name = TextBookTableViewCell.swift; path = /Users/jamesluo/Documents/arTextBook/Teacher_AR_TextBook/Teacher_AR_TextBook/TextBookTableViewCell.swift; sourceTree = "<absolute>"; };
		7997A188232390B50017F812 /* CartTableViewController.swift */ = {isa = PBXFileReference; lastKnownFileType = sourcecode.swift; path = CartTableViewController.swift; sourceTree = "<group>"; };
		7997A18A232398A80017F812 /* Calc.jpg */ = {isa = PBXFileReference; lastKnownFileType = image.jpeg; name = Calc.jpg; path = /Users/jamesluo/Documents/arTextBook/Teacher_AR_TextBook/Teacher_AR_TextBook/Calc.jpg; sourceTree = "<absolute>"; };
		79B38441232369D00084FD77 /* Teacher_AR_TextBook.app */ = {isa = PBXFileReference; explicitFileType = wrapper.application; includeInIndex = 0; path = Teacher_AR_TextBook.app; sourceTree = BUILT_PRODUCTS_DIR; };
		79B38444232369D00084FD77 /* AppDelegate.swift */ = {isa = PBXFileReference; lastKnownFileType = sourcecode.swift; path = AppDelegate.swift; sourceTree = "<group>"; };
		79B38446232369D00084FD77 /* ViewController.swift */ = {isa = PBXFileReference; lastKnownFileType = sourcecode.swift; path = ViewController.swift; sourceTree = "<group>"; };
		79B38449232369D00084FD77 /* Base */ = {isa = PBXFileReference; lastKnownFileType = file.storyboard; name = Base; path = Base.lproj/Main.storyboard; sourceTree = "<group>"; };
		79B3844B232369D30084FD77 /* Assets.xcassets */ = {isa = PBXFileReference; lastKnownFileType = folder.assetcatalog; path = Assets.xcassets; sourceTree = "<group>"; };
		79B3844E232369D30084FD77 /* Base */ = {isa = PBXFileReference; lastKnownFileType = file.storyboard; name = Base; path = Base.lproj/LaunchScreen.storyboard; sourceTree = "<group>"; };
		79B38450232369D30084FD77 /* Info.plist */ = {isa = PBXFileReference; lastKnownFileType = text.plist.xml; path = Info.plist; sourceTree = "<group>"; };
/* End PBXFileReference section */

/* Begin PBXFrameworksBuildPhase section */
		79B3843E232369D00084FD77 /* Frameworks */ = {
			isa = PBXFrameworksBuildPhase;
			buildActionMask = 2147483647;
			files = (
				16CF4440327404A8E932F4DB /* Pods_Teacher_AR_TextBook.framework in Frameworks */,
			);
			runOnlyForDeploymentPostprocessing = 0;
		};
/* End PBXFrameworksBuildPhase section */

/* Begin PBXGroup section */
		4F4593D269C5D9BD34F0436D /* Frameworks */ = {
			isa = PBXGroup;
			children = (
				534B9C5BAEEBC61FECC439B5 /* Pods_Teacher_AR_TextBook.framework */,
			);
			name = Frameworks;
			sourceTree = "<group>";
		};
		79B38438232369D00084FD77 = {
			isa = PBXGroup;
			children = (
				79B38443232369D00084FD77 /* Teacher_AR_TextBook */,
				79B38442232369D00084FD77 /* Products */,
				CDB26DFB2E945883ECA9A318 /* Pods */,
				4F4593D269C5D9BD34F0436D /* Frameworks */,
			);
			sourceTree = "<group>";
		};
		79B38442232369D00084FD77 /* Products */ = {
			isa = PBXGroup;
			children = (
				79B38441232369D00084FD77 /* Teacher_AR_TextBook.app */,
			);
			name = Products;
			sourceTree = "<group>";
		};
		79B38443232369D00084FD77 /* Teacher_AR_TextBook */ = {
			isa = PBXGroup;
			children = (
				7997A18A232398A80017F812 /* Calc.jpg */,
				7997A184232390350017F812 /* TextBook.swift */,
				7997A186232390510017F812 /* TextBookTableViewCell.swift */,
				7997A188232390B50017F812 /* CartTableViewController.swift */,
				79B38444232369D00084FD77 /* AppDelegate.swift */,
				79B38446232369D00084FD77 /* ViewController.swift */,
				79B38448232369D00084FD77 /* Main.storyboard */,
				7997A1742323855A0017F812 /* BookStoreViewController.swift */,
				7997A17823238B2C0017F812 /* BookViewController.swift */,
				7997A17123237D7A0017F812 /* GoogleService-Info.plist */,
				7997A16D23236E860017F812 /* histoy.jpg */,
				7997A17D23238C5F0017F812 /* Env.jpg */,
				7997A16B23236D900017F812 /* math.jpg */,
				7997A16923236D3E0017F812 /* CSBook.jpg */,
				7997A16723236CB70017F812 /* 671712.jpg */,
				79B3844B232369D30084FD77 /* Assets.xcassets */,
				7997A17A23238C5F0017F812 /* CS.jpg */,
				7997A17C23238C5F0017F812 /* US.jpg */,
				79B3844D232369D30084FD77 /* LaunchScreen.storyboard */,
				79B38450232369D30084FD77 /* Info.plist */,
			);
			path = Teacher_AR_TextBook;
			sourceTree = "<group>";
		};
		CDB26DFB2E945883ECA9A318 /* Pods */ = {
			isa = PBXGroup;
			children = (
				0925332D1147F075615A76C6 /* Pods-Teacher_AR_TextBook.debug.xcconfig */,
				372DC731F9960C92FA568156 /* Pods-Teacher_AR_TextBook.release.xcconfig */,
			);
			path = Pods;
			sourceTree = "<group>";
		};
/* End PBXGroup section */

/* Begin PBXNativeTarget section */
		79B38440232369D00084FD77 /* Teacher_AR_TextBook */ = {
			isa = PBXNativeTarget;
			buildConfigurationList = 79B38453232369D30084FD77 /* Build configuration list for PBXNativeTarget "Teacher_AR_TextBook" */;
			buildPhases = (
				0BECFA2BDFC2C30D5AC2AF98 /* [CP] Check Pods Manifest.lock */,
				79B3843D232369D00084FD77 /* Sources */,
				79B3843E232369D00084FD77 /* Frameworks */,
				79B3843F232369D00084FD77 /* Resources */,
				FB072A23E1E874B7EE9E4A8E /* [CP] Embed Pods Frameworks */,
			);
			buildRules = (
			);
			dependencies = (
			);
			name = Teacher_AR_TextBook;
			productName = Teacher_AR_TextBook;
			productReference = 79B38441232369D00084FD77 /* Teacher_AR_TextBook.app */;
			productType = "com.apple.product-type.application";
		};
/* End PBXNativeTarget section */

/* Begin PBXProject section */
		79B38439232369D00084FD77 /* Project object */ = {
			isa = PBXProject;
			attributes = {
				LastSwiftUpdateCheck = 1030;
				LastUpgradeCheck = 1030;
				ORGANIZATIONNAME = "james luo";
				TargetAttributes = {
					79B38440232369D00084FD77 = {
						CreatedOnToolsVersion = 10.3;
					};
				};
			};
			buildConfigurationList = 79B3843C232369D00084FD77 /* Build configuration list for PBXProject "Teacher_AR_TextBook" */;
			compatibilityVersion = "Xcode 9.3";
			developmentRegion = en;
			hasScannedForEncodings = 0;
			knownRegions = (
				en,
				Base,
			);
			mainGroup = 79B38438232369D00084FD77;
			productRefGroup = 79B38442232369D00084FD77 /* Products */;
			projectDirPath = "";
			projectRoot = "";
			targets = (
				79B38440232369D00084FD77 /* Teacher_AR_TextBook */,
			);
		};
/* End PBXProject section */

/* Begin PBXResourcesBuildPhase section */
		79B3843F232369D00084FD77 /* Resources */ = {
			isa = PBXResourcesBuildPhase;
			buildActionMask = 2147483647;
			files = (
				79B3844F232369D30084FD77 /* LaunchScreen.storyboard in Resources */,
				7997A16C23236D900017F812 /* math.jpg in Resources */,
				7997A18123238C5F0017F812 /* Env.jpg in Resources */,
				7997A17223237D7A0017F812 /* GoogleService-Info.plist in Resources */,
				7997A16823236CB70017F812 /* 671712.jpg in Resources */,
				7997A18023238C5F0017F812 /* US.jpg in Resources */,
				79B3844C232369D30084FD77 /* Assets.xcassets in Resources */,
				7997A17E23238C5F0017F812 /* CS.jpg in Resources */,
				79B3844A232369D00084FD77 /* Main.storyboard in Resources */,
				7997A16A23236D3E0017F812 /* CSBook.jpg in Resources */,
				7997A16E23236E870017F812 /* histoy.jpg in Resources */,
			);
			runOnlyForDeploymentPostprocessing = 0;
		};
/* End PBXResourcesBuildPhase section */

/* Begin PBXShellScriptBuildPhase section */
		0BECFA2BDFC2C30D5AC2AF98 /* [CP] Check Pods Manifest.lock */ = {
			isa = PBXShellScriptBuildPhase;
			buildActionMask = 2147483647;
			files = (
			);
			inputFileListPaths = (
			);
			inputPaths = (
				"${PODS_PODFILE_DIR_PATH}/Podfile.lock",
				"${PODS_ROOT}/Manifest.lock",
			);
			name = "[CP] Check Pods Manifest.lock";
			outputFileListPaths = (
			);
			outputPaths = (
				"$(DERIVED_FILE_DIR)/Pods-Teacher_AR_TextBook-checkManifestLockResult.txt",
			);
			runOnlyForDeploymentPostprocessing = 0;
			shellPath = /bin/sh;
			shellScript = "diff \"${PODS_PODFILE_DIR_PATH}/Podfile.lock\" \"${PODS_ROOT}/Manifest.lock\" > /dev/null\nif [ $? != 0 ] ; then\n    # print error to STDERR\n    echo \"error: The sandbox is not in sync with the Podfile.lock. Run 'pod install' or update your CocoaPods installation.\" >&2\n    exit 1\nfi\n# This output is used by Xcode 'outputs' to avoid re-running this script phase.\necho \"SUCCESS\" > \"${SCRIPT_OUTPUT_FILE_0}\"\n";
			showEnvVarsInLog = 0;
		};
		FB072A23E1E874B7EE9E4A8E /* [CP] Embed Pods Frameworks */ = {
			isa = PBXShellScriptBuildPhase;
			buildActionMask = 2147483647;
			files = (
			);
			inputFileListPaths = (
			);
			inputPaths = (
				"${PODS_ROOT}/Target Support Files/Pods-Teacher_AR_TextBook/Pods-Teacher_AR_TextBook-frameworks.sh",
				"${BUILT_PRODUCTS_DIR}/Alamofire/Alamofire.framework",
				"${BUILT_PRODUCTS_DIR}/Alamofire-SwiftyJSON/Alamofire_SwiftyJSON.framework",
				"${BUILT_PRODUCTS_DIR}/GoogleUtilities/GoogleUtilities.framework",
				"${BUILT_PRODUCTS_DIR}/SwiftyJSON/SwiftyJSON.framework",
				"${BUILT_PRODUCTS_DIR}/leveldb-library/leveldb.framework",
				"${BUILT_PRODUCTS_DIR}/nanopb/nanopb.framework",
			);
			name = "[CP] Embed Pods Frameworks";
			outputFileListPaths = (
			);
			outputPaths = (
				"${TARGET_BUILD_DIR}/${FRAMEWORKS_FOLDER_PATH}/Alamofire.framework",
				"${TARGET_BUILD_DIR}/${FRAMEWORKS_FOLDER_PATH}/Alamofire_SwiftyJSON.framework",
				"${TARGET_BUILD_DIR}/${FRAMEWORKS_FOLDER_PATH}/GoogleUtilities.framework",
				"${TARGET_BUILD_DIR}/${FRAMEWORKS_FOLDER_PATH}/SwiftyJSON.framework",
				"${TARGET_BUILD_DIR}/${FRAMEWORKS_FOLDER_PATH}/leveldb.framework",
				"${TARGET_BUILD_DIR}/${FRAMEWORKS_FOLDER_PATH}/nanopb.framework",
			);
			runOnlyForDeploymentPostprocessing = 0;
			shellPath = /bin/sh;
			shellScript = "\"${PODS_ROOT}/Target Support Files/Pods-Teacher_AR_TextBook/Pods-Teacher_AR_TextBook-frameworks.sh\"\n";
			showEnvVarsInLog = 0;
		};
/* End PBXShellScriptBuildPhase section */

/* Begin PBXSourcesBuildPhase section */
		79B3843D232369D00084FD77 /* Sources */ = {
			isa = PBXSourcesBuildPhase;
			buildActionMask = 2147483647;
			files = (
				79B38447232369D00084FD77 /* ViewController.swift in Sources */,
				7997A17923238B2C0017F812 /* BookViewController.swift in Sources */,
				7997A189232390B50017F812 /* CartTableViewController.swift in Sources */,
				79B38445232369D00084FD77 /* AppDelegate.swift in Sources */,
				7997A187232390520017F812 /* TextBookTableViewCell.swift in Sources */,
				7997A1752323855A0017F812 /* BookStoreViewController.swift in Sources */,
				7997A185232390350017F812 /* TextBook.swift in Sources */,
			);
			runOnlyForDeploymentPostprocessing = 0;
		};
/* End PBXSourcesBuildPhase section */

/* Begin PBXVariantGroup section */
		79B38448232369D00084FD77 /* Main.storyboard */ = {
			isa = PBXVariantGroup;
			children = (
				79B38449232369D00084FD77 /* Base */,
			);
			name = Main.storyboard;
			sourceTree = "<group>";
		};
		79B3844D232369D30084FD77 /* LaunchScreen.storyboard */ = {
			isa = PBXVariantGroup;
			children = (
				79B3844E232369D30084FD77 /* Base */,
			);
			name = LaunchScreen.storyboard;
			sourceTree = "<group>";
		};
/* End PBXVariantGroup section */

/* Begin XCBuildConfiguration section */
		79B38451232369D30084FD77 /* Debug */ = {
			isa = XCBuildConfiguration;
			buildSettings = {
				ALWAYS_SEARCH_USER_PATHS = NO;
				CLANG_ANALYZER_NONNULL = YES;
				CLANG_ANALYZER_NUMBER_OBJECT_CONVERSION = YES_AGGRESSIVE;
				CLANG_CXX_LANGUAGE_STANDARD = "gnu++14";
				CLANG_CXX_LIBRARY = "libc++";
				CLANG_ENABLE_MODULES = YES;
				CLANG_ENABLE_OBJC_ARC = YES;
				CLANG_ENABLE_OBJC_WEAK = YES;
				CLANG_WARN_BLOCK_CAPTURE_AUTORELEASING = YES;
				CLANG_WARN_BOOL_CONVERSION = YES;
				CLANG_WARN_COMMA = YES;
				CLANG_WARN_CONSTANT_CONVERSION = YES;
				CLANG_WARN_DEPRECATED_OBJC_IMPLEMENTATIONS = YES;
				CLANG_WARN_DIRECT_OBJC_ISA_USAGE = YES_ERROR;
				CLANG_WARN_DOCUMENTATION_COMMENTS = YES;
				CLANG_WARN_EMPTY_BODY = YES;
				CLANG_WARN_ENUM_CONVERSION = YES;
				CLANG_WARN_INFINITE_RECURSION = YES;
				CLANG_WARN_INT_CONVERSION = YES;
				CLANG_WARN_NON_LITERAL_NULL_CONVERSION = YES;
				CLANG_WARN_OBJC_IMPLICIT_RETAIN_SELF = YES;
				CLANG_WARN_OBJC_LITERAL_CONVERSION = YES;
				CLANG_WARN_OBJC_ROOT_CLASS = YES_ERROR;
				CLANG_WARN_RANGE_LOOP_ANALYSIS = YES;
				CLANG_WARN_STRICT_PROTOTYPES = YES;
				CLANG_WARN_SUSPICIOUS_MOVE = YES;
				CLANG_WARN_UNGUARDED_AVAILABILITY = YES_AGGRESSIVE;
				CLANG_WARN_UNREACHABLE_CODE = YES;
				CLANG_WARN__DUPLICATE_METHOD_MATCH = YES;
				CODE_SIGN_IDENTITY = "iPhone Developer";
				COPY_PHASE_STRIP = NO;
				DEBUG_INFORMATION_FORMAT = dwarf;
				ENABLE_STRICT_OBJC_MSGSEND = YES;
				ENABLE_TESTABILITY = YES;
				GCC_C_LANGUAGE_STANDARD = gnu11;
				GCC_DYNAMIC_NO_PIC = NO;
				GCC_NO_COMMON_BLOCKS = YES;
				GCC_OPTIMIZATION_LEVEL = 0;
				GCC_PREPROCESSOR_DEFINITIONS = (
					"DEBUG=1",
					"$(inherited)",
				);
				GCC_WARN_64_TO_32_BIT_CONVERSION = YES;
				GCC_WARN_ABOUT_RETURN_TYPE = YES_ERROR;
				GCC_WARN_UNDECLARED_SELECTOR = YES;
				GCC_WARN_UNINITIALIZED_AUTOS = YES_AGGRESSIVE;
				GCC_WARN_UNUSED_FUNCTION = YES;
				GCC_WARN_UNUSED_VARIABLE = YES;
				IPHONEOS_DEPLOYMENT_TARGET = 12.4;
				MTL_ENABLE_DEBUG_INFO = INCLUDE_SOURCE;
				MTL_FAST_MATH = YES;
				ONLY_ACTIVE_ARCH = YES;
				SDKROOT = iphoneos;
				SWIFT_ACTIVE_COMPILATION_CONDITIONS = DEBUG;
				SWIFT_OPTIMIZATION_LEVEL = "-Onone";
			};
			name = Debug;
		};
		79B38452232369D30084FD77 /* Release */ = {
			isa = XCBuildConfiguration;
			buildSettings = {
				ALWAYS_SEARCH_USER_PATHS = NO;
				CLANG_ANALYZER_NONNULL = YES;
				CLANG_ANALYZER_NUMBER_OBJECT_CONVERSION = YES_AGGRESSIVE;
				CLANG_CXX_LANGUAGE_STANDARD = "gnu++14";
				CLANG_CXX_LIBRARY = "libc++";
				CLANG_ENABLE_MODULES = YES;
				CLANG_ENABLE_OBJC_ARC = YES;
				CLANG_ENABLE_OBJC_WEAK = YES;
				CLANG_WARN_BLOCK_CAPTURE_AUTORELEASING = YES;
				CLANG_WARN_BOOL_CONVERSION = YES;
				CLANG_WARN_COMMA = YES;
				CLANG_WARN_CONSTANT_CONVERSION = YES;
				CLANG_WARN_DEPRECATED_OBJC_IMPLEMENTATIONS = YES;
				CLANG_WARN_DIRECT_OBJC_ISA_USAGE = YES_ERROR;
				CLANG_WARN_DOCUMENTATION_COMMENTS = YES;
				CLANG_WARN_EMPTY_BODY = YES;
				CLANG_WARN_ENUM_CONVERSION = YES;
				CLANG_WARN_INFINITE_RECURSION = YES;
				CLANG_WARN_INT_CONVERSION = YES;
				CLANG_WARN_NON_LITERAL_NULL_CONVERSION = YES;
				CLANG_WARN_OBJC_IMPLICIT_RETAIN_SELF = YES;
				CLANG_WARN_OBJC_LITERAL_CONVERSION = YES;
				CLANG_WARN_OBJC_ROOT_CLASS = YES_ERROR;
				CLANG_WARN_RANGE_LOOP_ANALYSIS = YES;
				CLANG_WARN_STRICT_PROTOTYPES = YES;
				CLANG_WARN_SUSPICIOUS_MOVE = YES;
				CLANG_WARN_UNGUARDED_AVAILABILITY = YES_AGGRESSIVE;
				CLANG_WARN_UNREACHABLE_CODE = YES;
				CLANG_WARN__DUPLICATE_METHOD_MATCH = YES;
				CODE_SIGN_IDENTITY = "iPhone Developer";
				COPY_PHASE_STRIP = NO;
				DEBUG_INFORMATION_FORMAT = "dwarf-with-dsym";
				ENABLE_NS_ASSERTIONS = NO;
				ENABLE_STRICT_OBJC_MSGSEND = YES;
				GCC_C_LANGUAGE_STANDARD = gnu11;
				GCC_NO_COMMON_BLOCKS = YES;
				GCC_WARN_64_TO_32_BIT_CONVERSION = YES;
				GCC_WARN_ABOUT_RETURN_TYPE = YES_ERROR;
				GCC_WARN_UNDECLARED_SELECTOR = YES;
				GCC_WARN_UNINITIALIZED_AUTOS = YES_AGGRESSIVE;
				GCC_WARN_UNUSED_FUNCTION = YES;
				GCC_WARN_UNUSED_VARIABLE = YES;
				IPHONEOS_DEPLOYMENT_TARGET = 12.4;
				MTL_ENABLE_DEBUG_INFO = NO;
				MTL_FAST_MATH = YES;
				SDKROOT = iphoneos;
				SWIFT_COMPILATION_MODE = wholemodule;
				SWIFT_OPTIMIZATION_LEVEL = "-O";
				VALIDATE_PRODUCT = YES;
			};
			name = Release;
		};
		79B38454232369D30084FD77 /* Debug */ = {
			isa = XCBuildConfiguration;
			baseConfigurationReference = 0925332D1147F075615A76C6 /* Pods-Teacher_AR_TextBook.debug.xcconfig */;
			buildSettings = {
				ASSETCATALOG_COMPILER_APPICON_NAME = AppIcon;
				CODE_SIGN_STYLE = Automatic;
				DEVELOPMENT_TEAM = TCL5NNKKA5;
				INFOPLIST_FILE = Teacher_AR_TextBook/Info.plist;
				LD_RUNPATH_SEARCH_PATHS = (
					"$(inherited)",
					"@executable_path/Frameworks",
				);
				PRODUCT_BUNDLE_IDENTIFIER = "acm.Teacher-AR-TextBook";
				PRODUCT_NAME = "$(TARGET_NAME)";
				SWIFT_VERSION = 5.0;
				TARGETED_DEVICE_FAMILY = "1,2";
			};
			name = Debug;
		};
		79B38455232369D30084FD77 /* Release */ = {
			isa = XCBuildConfiguration;
			baseConfigurationReference = 372DC731F9960C92FA568156 /* Pods-Teacher_AR_TextBook.release.xcconfig */;
			buildSettings = {
				ASSETCATALOG_COMPILER_APPICON_NAME = AppIcon;
				CODE_SIGN_STYLE = Automatic;
				DEVELOPMENT_TEAM = TCL5NNKKA5;
				INFOPLIST_FILE = Teacher_AR_TextBook/Info.plist;
				LD_RUNPATH_SEARCH_PATHS = (
					"$(inherited)",
					"@executable_path/Frameworks",
				);
				PRODUCT_BUNDLE_IDENTIFIER = "acm.Teacher-AR-TextBook";
				PRODUCT_NAME = "$(TARGET_NAME)";
				SWIFT_VERSION = 5.0;
				TARGETED_DEVICE_FAMILY = "1,2";
			};
			name = Release;
		};
/* End XCBuildConfiguration section */

/* Begin XCConfigurationList section */
		79B3843C232369D00084FD77 /* Build configuration list for PBXProject "Teacher_AR_TextBook" */ = {
			isa = XCConfigurationList;
			buildConfigurations = (
				79B38451232369D30084FD77 /* Debug */,
				79B38452232369D30084FD77 /* Release */,
			);
			defaultConfigurationIsVisible = 0;
			defaultConfigurationName = Release;
		};
		79B38453232369D30084FD77 /* Build configuration list for PBXNativeTarget "Teacher_AR_TextBook" */ = {
			isa = XCConfigurationList;
			buildConfigurations = (
				79B38454232369D30084FD77 /* Debug */,
				79B38455232369D30084FD77 /* Release */,
			);
			defaultConfigurationIsVisible = 0;
			defaultConfigurationName = Release;
		};
/* End XCConfigurationList section */
	};
	rootObject = 79B38439232369D00084FD77 /* Project object */;
}
